// !$*UTF8*$!
{
	archiveVersion = 1;
	classes = {
	};
	objectVersion = 70;
	objects = {

/* Begin PBXBuildFile section */
		577ECC1F2C68D8E200E43E2E /* DSA.docc in Sources */ = {isa = PBXBuildFile; fileRef = 577ECC1E2C68D8E200E43E2E /* DSA.docc */; };
		577ECC252C68D8E200E43E2E /* DSA.framework in Frameworks */ = {isa = PBXBuildFile; fileRef = 577ECC1B2C68D8E200E43E2E /* DSA.framework */; };
		577ECC2B2C68D8E200E43E2E /* DSA.h in Headers */ = {isa = PBXBuildFile; fileRef = 577ECC1D2C68D8E200E43E2E /* DSA.h */; settings = {ATTRIBUTES = (Public, ); }; };
		577ECC502C68D94500E43E2E /* Tree.swift in Sources */ = {isa = PBXBuildFile; fileRef = 577ECC332C68D94400E43E2E /* Tree.swift */; };
		577ECC512C68D94500E43E2E /* MaxSubArray.swift in Sources */ = {isa = PBXBuildFile; fileRef = 577ECC342C68D94400E43E2E /* MaxSubArray.swift */; };
		577ECC522C68D94500E43E2E /* Graph.swift in Sources */ = {isa = PBXBuildFile; fileRef = 577ECC352C68D94400E43E2E /* Graph.swift */; };
		577ECC532C68D94500E43E2E /* Solution.swift in Sources */ = {isa = PBXBuildFile; fileRef = 577ECC362C68D94400E43E2E /* Solution.swift */; };
		577ECC542C68D94500E43E2E /* LinkedList.swift in Sources */ = {isa = PBXBuildFile; fileRef = 577ECC372C68D94400E43E2E /* LinkedList.swift */; };
		577ECC552C68D94500E43E2E /* LongestSubstring.swift in Sources */ = {isa = PBXBuildFile; fileRef = 577ECC382C68D94400E43E2E /* LongestSubstring.swift */; };
		577ECC582C68D94500E43E2E /* Heap.swift in Sources */ = {isa = PBXBuildFile; fileRef = 577ECC3B2C68D94400E43E2E /* Heap.swift */; };
		577ECC592C68D94500E43E2E /* Fibonacci.swift in Sources */ = {isa = PBXBuildFile; fileRef = 577ECC3C2C68D94400E43E2E /* Fibonacci.swift */; };
		577ECC5A2C68D94500E43E2E /* BinarySearch.swift in Sources */ = {isa = PBXBuildFile; fileRef = 577ECC3D2C68D94400E43E2E /* BinarySearch.swift */; };
		577ECC5B2C68D94500E43E2E /* ValidParentheses.swift in Sources */ = {isa = PBXBuildFile; fileRef = 577ECC3E2C68D94400E43E2E /* ValidParentheses.swift */; };
		577ECC5D2C68D94500E43E2E /* AmazonInterviewQ2.swift in Sources */ = {isa = PBXBuildFile; fileRef = 577ECC402C68D94400E43E2E /* AmazonInterviewQ2.swift */; };
		577ECC602C68D94500E43E2E /* MergeSort.swift in Sources */ = {isa = PBXBuildFile; fileRef = 577ECC432C68D94400E43E2E /* MergeSort.swift */; };
		577ECC622C68D94500E43E2E /* TwoSum.swift in Sources */ = {isa = PBXBuildFile; fileRef = 577ECC452C68D94400E43E2E /* TwoSum.swift */; };
		577ECC632C68D94500E43E2E /* Search.swift in Sources */ = {isa = PBXBuildFile; fileRef = 577ECC462C68D94400E43E2E /* Search.swift */; };
		577ECC642C68D94500E43E2E /* ReverseLinkedList.swift in Sources */ = {isa = PBXBuildFile; fileRef = 577ECC472C68D94400E43E2E /* ReverseLinkedList.swift */; };
		577ECC652C68D94500E43E2E /* BubbleSort.swift in Sources */ = {isa = PBXBuildFile; fileRef = 577ECC482C68D94400E43E2E /* BubbleSort.swift */; };
		577ECC662C68D94500E43E2E /* AdjacencyMatrixGraph.swift in Sources */ = {isa = PBXBuildFile; fileRef = 577ECC492C68D94500E43E2E /* AdjacencyMatrixGraph.swift */; };
		577ECC672C68D94500E43E2E /* AmazonInterviewQ1.swift in Sources */ = {isa = PBXBuildFile; fileRef = 577ECC4A2C68D94500E43E2E /* AmazonInterviewQ1.swift */; };
		577ECC682C68D94500E43E2E /* AdjacencyListGraph.swift in Sources */ = {isa = PBXBuildFile; fileRef = 577ECC4B2C68D94500E43E2E /* AdjacencyListGraph.swift */; };
		577ECC692C68D94500E43E2E /* MergeSortedLists.swift in Sources */ = {isa = PBXBuildFile; fileRef = 577ECC4C2C68D94500E43E2E /* MergeSortedLists.swift */; };
		577ECC6A2C68D94500E43E2E /* QuickSort.swift in Sources */ = {isa = PBXBuildFile; fileRef = 577ECC4D2C68D94500E43E2E /* QuickSort.swift */; };
		577ECC6B2C68D94500E43E2E /* MinHeap.swift in Sources */ = {isa = PBXBuildFile; fileRef = 577ECC4E2C68D94500E43E2E /* MinHeap.swift */; };
		577ECC6C2C68D94500E43E2E /* Sort.swift in Sources */ = {isa = PBXBuildFile; fileRef = 577ECC4F2C68D94500E43E2E /* Sort.swift */; };
		577ECC6D2C68D95A00E43E2E /* SortAlgorithmTests.swift in Sources */ = {isa = PBXBuildFile; fileRef = 577ECC412C68D94400E43E2E /* SortAlgorithmTests.swift */; };
		577ECC6E2C68D95A00E43E2E /* SearchAlgorithmTests.swift in Sources */ = {isa = PBXBuildFile; fileRef = 577ECC442C68D94400E43E2E /* SearchAlgorithmTests.swift */; };
		577ECC6F2C68D95A00E43E2E /* HeapTests.swift in Sources */ = {isa = PBXBuildFile; fileRef = 577ECC422C68D94400E43E2E /* HeapTests.swift */; };
		577ECC702C68D95A00E43E2E /* SolutionTests.swift in Sources */ = {isa = PBXBuildFile; fileRef = 577ECC392C68D94400E43E2E /* SolutionTests.swift */; };
		577ECC712C68D95A00E43E2E /* TreeTests.swift in Sources */ = {isa = PBXBuildFile; fileRef = 577ECC3A2C68D94400E43E2E /* TreeTests.swift */; };
		577ECC7C2C6A51F300E43E2E /* MaxSubArray2nd.swift in Sources */ = {isa = PBXBuildFile; fileRef = 577ECC7B2C6A51F300E43E2E /* MaxSubArray2nd.swift */; };
		577ECC7E2C6A74F300E43E2E /* SmallestSubarray.swift in Sources */ = {isa = PBXBuildFile; fileRef = 577ECC7D2C6A74F300E43E2E /* SmallestSubarray.swift */; };
		577ECC802C6BA99100E43E2E /* InvertBinaryTree.swift in Sources */ = {isa = PBXBuildFile; fileRef = 577ECC7F2C6BA99100E43E2E /* InvertBinaryTree.swift */; };
		57E0B8622C6CC241005C3584 /* IBMInterviewQ2.swift in Sources */ = {isa = PBXBuildFile; fileRef = 57E0B8612C6CC241005C3584 /* IBMInterviewQ2.swift */; };
		A00754C12D2FBC980052C9AD /* HeapSort.swift in Sources */ = {isa = PBXBuildFile; fileRef = A00754C02D2FBC980052C9AD /* HeapSort.swift */; };
		A00754D12D3217DA0052C9AD /* StockBuySell.swift in Sources */ = {isa = PBXBuildFile; fileRef = A00754D02D3217DA0052C9AD /* StockBuySell.swift */; };
		A00754D32D325AA20052C9AD /* Palindrome.swift in Sources */ = {isa = PBXBuildFile; fileRef = A00754D22D325AA20052C9AD /* Palindrome.swift */; };
		A00754D52D3269B60052C9AD /* Anagram.swift in Sources */ = {isa = PBXBuildFile; fileRef = A00754D42D3269B60052C9AD /* Anagram.swift */; };
		A00754D72D32B5600052C9AD /* BinarySearchSolution.swift in Sources */ = {isa = PBXBuildFile; fileRef = A00754D62D32B5600052C9AD /* BinarySearchSolution.swift */; };
		A0ACDE712D2BEFB500D5E648 /* MaxHeap.swift in Sources */ = {isa = PBXBuildFile; fileRef = A0ACDE702D2BEFB500D5E648 /* MaxHeap.swift */; };
/* End PBXBuildFile section */

/* Begin PBXContainerItemProxy section */
		577ECC262C68D8E200E43E2E /* PBXContainerItemProxy */ = {
			isa = PBXContainerItemProxy;
			containerPortal = 577921E22C55073B005C5333 /* Project object */;
			proxyType = 1;
			remoteGlobalIDString = 577ECC1A2C68D8E200E43E2E;
			remoteInfo = DSA;
		};
/* End PBXContainerItemProxy section */

/* Begin PBXCopyFilesBuildPhase section */
		A00754C52D2FC1F70052C9AD /* CopyFiles */ = {
			isa = PBXCopyFilesBuildPhase;
			buildActionMask = 2147483647;
			dstPath = /usr/share/man/man1/;
			dstSubfolderSpec = 0;
			files = (
			);
			runOnlyForDeploymentPostprocessing = 1;
		};
/* End PBXCopyFilesBuildPhase section */

/* Begin PBXFileReference section */
		577ECC1B2C68D8E200E43E2E /* DSA.framework */ = {isa = PBXFileReference; explicitFileType = wrapper.framework; includeInIndex = 0; path = DSA.framework; sourceTree = BUILT_PRODUCTS_DIR; };
		577ECC1D2C68D8E200E43E2E /* DSA.h */ = {isa = PBXFileReference; lastKnownFileType = sourcecode.c.h; path = DSA.h; sourceTree = "<group>"; };
		577ECC1E2C68D8E200E43E2E /* DSA.docc */ = {isa = PBXFileReference; lastKnownFileType = folder.documentationcatalog; path = DSA.docc; sourceTree = "<group>"; };
		577ECC242C68D8E200E43E2E /* DSATests.xctest */ = {isa = PBXFileReference; explicitFileType = wrapper.cfbundle; includeInIndex = 0; path = DSATests.xctest; sourceTree = BUILT_PRODUCTS_DIR; };
		577ECC332C68D94400E43E2E /* Tree.swift */ = {isa = PBXFileReference; fileEncoding = 4; lastKnownFileType = sourcecode.swift; path = Tree.swift; sourceTree = "<group>"; };
		577ECC342C68D94400E43E2E /* MaxSubArray.swift */ = {isa = PBXFileReference; fileEncoding = 4; lastKnownFileType = sourcecode.swift; path = MaxSubArray.swift; sourceTree = "<group>"; };
		577ECC352C68D94400E43E2E /* Graph.swift */ = {isa = PBXFileReference; fileEncoding = 4; lastKnownFileType = sourcecode.swift; path = Graph.swift; sourceTree = "<group>"; };
		577ECC362C68D94400E43E2E /* Solution.swift */ = {isa = PBXFileReference; fileEncoding = 4; lastKnownFileType = sourcecode.swift; path = Solution.swift; sourceTree = "<group>"; };
		577ECC372C68D94400E43E2E /* LinkedList.swift */ = {isa = PBXFileReference; fileEncoding = 4; lastKnownFileType = sourcecode.swift; path = LinkedList.swift; sourceTree = "<group>"; };
		577ECC382C68D94400E43E2E /* LongestSubstring.swift */ = {isa = PBXFileReference; fileEncoding = 4; lastKnownFileType = sourcecode.swift; path = LongestSubstring.swift; sourceTree = "<group>"; };
		577ECC392C68D94400E43E2E /* SolutionTests.swift */ = {isa = PBXFileReference; fileEncoding = 4; lastKnownFileType = sourcecode.swift; path = SolutionTests.swift; sourceTree = "<group>"; };
		577ECC3A2C68D94400E43E2E /* TreeTests.swift */ = {isa = PBXFileReference; fileEncoding = 4; lastKnownFileType = sourcecode.swift; path = TreeTests.swift; sourceTree = "<group>"; };
		577ECC3B2C68D94400E43E2E /* Heap.swift */ = {isa = PBXFileReference; fileEncoding = 4; lastKnownFileType = sourcecode.swift; path = Heap.swift; sourceTree = "<group>"; };
		577ECC3C2C68D94400E43E2E /* Fibonacci.swift */ = {isa = PBXFileReference; fileEncoding = 4; lastKnownFileType = sourcecode.swift; path = Fibonacci.swift; sourceTree = "<group>"; };
		577ECC3D2C68D94400E43E2E /* BinarySearch.swift */ = {isa = PBXFileReference; fileEncoding = 4; lastKnownFileType = sourcecode.swift; path = BinarySearch.swift; sourceTree = "<group>"; };
		577ECC3E2C68D94400E43E2E /* ValidParentheses.swift */ = {isa = PBXFileReference; fileEncoding = 4; lastKnownFileType = sourcecode.swift; path = ValidParentheses.swift; sourceTree = "<group>"; };
		577ECC402C68D94400E43E2E /* AmazonInterviewQ2.swift */ = {isa = PBXFileReference; fileEncoding = 4; lastKnownFileType = sourcecode.swift; path = AmazonInterviewQ2.swift; sourceTree = "<group>"; };
		577ECC412C68D94400E43E2E /* SortAlgorithmTests.swift */ = {isa = PBXFileReference; fileEncoding = 4; lastKnownFileType = sourcecode.swift; path = SortAlgorithmTests.swift; sourceTree = "<group>"; };
		577ECC422C68D94400E43E2E /* HeapTests.swift */ = {isa = PBXFileReference; fileEncoding = 4; lastKnownFileType = sourcecode.swift; path = HeapTests.swift; sourceTree = "<group>"; };
		577ECC432C68D94400E43E2E /* MergeSort.swift */ = {isa = PBXFileReference; fileEncoding = 4; lastKnownFileType = sourcecode.swift; path = MergeSort.swift; sourceTree = "<group>"; };
		577ECC442C68D94400E43E2E /* SearchAlgorithmTests.swift */ = {isa = PBXFileReference; fileEncoding = 4; lastKnownFileType = sourcecode.swift; path = SearchAlgorithmTests.swift; sourceTree = "<group>"; };
		577ECC452C68D94400E43E2E /* TwoSum.swift */ = {isa = PBXFileReference; fileEncoding = 4; lastKnownFileType = sourcecode.swift; path = TwoSum.swift; sourceTree = "<group>"; };
		577ECC462C68D94400E43E2E /* Search.swift */ = {isa = PBXFileReference; fileEncoding = 4; lastKnownFileType = sourcecode.swift; path = Search.swift; sourceTree = "<group>"; };
		577ECC472C68D94400E43E2E /* ReverseLinkedList.swift */ = {isa = PBXFileReference; fileEncoding = 4; lastKnownFileType = sourcecode.swift; path = ReverseLinkedList.swift; sourceTree = "<group>"; };
		577ECC482C68D94400E43E2E /* BubbleSort.swift */ = {isa = PBXFileReference; fileEncoding = 4; lastKnownFileType = sourcecode.swift; path = BubbleSort.swift; sourceTree = "<group>"; };
		577ECC492C68D94500E43E2E /* AdjacencyMatrixGraph.swift */ = {isa = PBXFileReference; fileEncoding = 4; lastKnownFileType = sourcecode.swift; path = AdjacencyMatrixGraph.swift; sourceTree = "<group>"; };
		577ECC4A2C68D94500E43E2E /* AmazonInterviewQ1.swift */ = {isa = PBXFileReference; fileEncoding = 4; lastKnownFileType = sourcecode.swift; path = AmazonInterviewQ1.swift; sourceTree = "<group>"; };
		577ECC4B2C68D94500E43E2E /* AdjacencyListGraph.swift */ = {isa = PBXFileReference; fileEncoding = 4; lastKnownFileType = sourcecode.swift; path = AdjacencyListGraph.swift; sourceTree = "<group>"; };
		577ECC4C2C68D94500E43E2E /* MergeSortedLists.swift */ = {isa = PBXFileReference; fileEncoding = 4; lastKnownFileType = sourcecode.swift; path = MergeSortedLists.swift; sourceTree = "<group>"; };
		577ECC4D2C68D94500E43E2E /* QuickSort.swift */ = {isa = PBXFileReference; fileEncoding = 4; lastKnownFileType = sourcecode.swift; path = QuickSort.swift; sourceTree = "<group>"; };
		577ECC4E2C68D94500E43E2E /* MinHeap.swift */ = {isa = PBXFileReference; fileEncoding = 4; lastKnownFileType = sourcecode.swift; path = MinHeap.swift; sourceTree = "<group>"; };
		577ECC4F2C68D94500E43E2E /* Sort.swift */ = {isa = PBXFileReference; fileEncoding = 4; lastKnownFileType = sourcecode.swift; path = Sort.swift; sourceTree = "<group>"; };
		577ECC7A2C68F54C00E43E2E /* DSA.xctestplan */ = {isa = PBXFileReference; lastKnownFileType = text; name = DSA.xctestplan; path = DSATests/DSA.xctestplan; sourceTree = "<group>"; };
		577ECC7B2C6A51F300E43E2E /* MaxSubArray2nd.swift */ = {isa = PBXFileReference; lastKnownFileType = sourcecode.swift; path = MaxSubArray2nd.swift; sourceTree = "<group>"; };
		577ECC7D2C6A74F300E43E2E /* SmallestSubarray.swift */ = {isa = PBXFileReference; lastKnownFileType = sourcecode.swift; path = SmallestSubarray.swift; sourceTree = "<group>"; };
		577ECC7F2C6BA99100E43E2E /* InvertBinaryTree.swift */ = {isa = PBXFileReference; lastKnownFileType = sourcecode.swift; path = InvertBinaryTree.swift; sourceTree = "<group>"; };
		57E0B8612C6CC241005C3584 /* IBMInterviewQ2.swift */ = {isa = PBXFileReference; lastKnownFileType = sourcecode.swift; path = IBMInterviewQ2.swift; sourceTree = "<group>"; };
		A00754C02D2FBC980052C9AD /* HeapSort.swift */ = {isa = PBXFileReference; lastKnownFileType = sourcecode.swift; path = HeapSort.swift; sourceTree = "<group>"; };
		A00754C72D2FC1F70052C9AD /* Bench */ = {isa = PBXFileReference; explicitFileType = "compiled.mach-o.executable"; includeInIndex = 0; path = Bench; sourceTree = BUILT_PRODUCTS_DIR; };
		A00754D02D3217DA0052C9AD /* StockBuySell.swift */ = {isa = PBXFileReference; lastKnownFileType = sourcecode.swift; path = StockBuySell.swift; sourceTree = "<group>"; };
		A00754D22D325AA20052C9AD /* Palindrome.swift */ = {isa = PBXFileReference; lastKnownFileType = sourcecode.swift; path = Palindrome.swift; sourceTree = "<group>"; };
		A00754D42D3269B60052C9AD /* Anagram.swift */ = {isa = PBXFileReference; lastKnownFileType = sourcecode.swift; path = Anagram.swift; sourceTree = "<group>"; };
		A00754D62D32B5600052C9AD /* BinarySearchSolution.swift */ = {isa = PBXFileReference; lastKnownFileType = sourcecode.swift; path = BinarySearchSolution.swift; sourceTree = "<group>"; };
		A0ACDE702D2BEFB500D5E648 /* MaxHeap.swift */ = {isa = PBXFileReference; lastKnownFileType = sourcecode.swift; path = MaxHeap.swift; sourceTree = "<group>"; };
/* End PBXFileReference section */

/* Begin PBXFileSystemSynchronizedRootGroup section */
		A00754C82D2FC1F70052C9AD /* Bench */ = {isa = PBXFileSystemSynchronizedRootGroup; explicitFileTypes = {}; explicitFolders = (); path = Bench; sourceTree = "<group>"; };
/* End PBXFileSystemSynchronizedRootGroup section */

/* Begin PBXFrameworksBuildPhase section */
		577ECC182C68D8E200E43E2E /* Frameworks */ = {
			isa = PBXFrameworksBuildPhase;
			buildActionMask = 2147483647;
			files = (
			);
			runOnlyForDeploymentPostprocessing = 0;
		};
		577ECC212C68D8E200E43E2E /* Frameworks */ = {
			isa = PBXFrameworksBuildPhase;
			buildActionMask = 2147483647;
			files = (
				577ECC252C68D8E200E43E2E /* DSA.framework in Frameworks */,
			);
			runOnlyForDeploymentPostprocessing = 0;
		};
		A00754C42D2FC1F70052C9AD /* Frameworks */ = {
			isa = PBXFrameworksBuildPhase;
			buildActionMask = 2147483647;
			files = (
			);
			runOnlyForDeploymentPostprocessing = 0;
		};
/* End PBXFrameworksBuildPhase section */

/* Begin PBXGroup section */
		577921E12C55073B005C5333 = {
			isa = PBXGroup;
			children = (
				577ECC7A2C68F54C00E43E2E /* DSA.xctestplan */,
				577ECC1C2C68D8E200E43E2E /* DSA */,
				577ECC282C68D8E200E43E2E /* DSATests */,
				A00754C82D2FC1F70052C9AD /* Bench */,
				577921EB2C55073B005C5333 /* Products */,
			);
			sourceTree = "<group>";
		};
		577921EB2C55073B005C5333 /* Products */ = {
			isa = PBXGroup;
			children = (
				577ECC1B2C68D8E200E43E2E /* DSA.framework */,
				577ECC242C68D8E200E43E2E /* DSATests.xctest */,
				A00754C72D2FC1F70052C9AD /* Bench */,
			);
			name = Products;
			sourceTree = "<group>";
		};
		577ECC1C2C68D8E200E43E2E /* DSA */ = {
			isa = PBXGroup;
			children = (
				577ECC722C68D98800E43E2E /* DS */,
				577ECC322C68D90900E43E2E /* Algorithms */,
				577ECC762C68F46B00E43E2E /* Solutions */,
				577ECC1D2C68D8E200E43E2E /* DSA.h */,
				577ECC1E2C68D8E200E43E2E /* DSA.docc */,
			);
			path = DSA;
			sourceTree = "<group>";
		};
		577ECC282C68D8E200E43E2E /* DSATests */ = {
			isa = PBXGroup;
			children = (
				577ECC422C68D94400E43E2E /* HeapTests.swift */,
				577ECC442C68D94400E43E2E /* SearchAlgorithmTests.swift */,
				577ECC392C68D94400E43E2E /* SolutionTests.swift */,
				577ECC412C68D94400E43E2E /* SortAlgorithmTests.swift */,
				577ECC3A2C68D94400E43E2E /* TreeTests.swift */,
			);
			path = DSATests;
			sourceTree = "<group>";
		};
		577ECC322C68D90900E43E2E /* Algorithms */ = {
			isa = PBXGroup;
			children = (
				577ECC782C68F48C00E43E2E /* Search */,
				577ECC772C68F47F00E43E2E /* Sort */,
			);
			path = Algorithms;
			sourceTree = "<group>";
		};
		577ECC722C68D98800E43E2E /* DS */ = {
			isa = PBXGroup;
			children = (
				577ECC372C68D94400E43E2E /* LinkedList.swift */,
				577ECC792C68F50B00E43E2E /* Heap */,
				577ECC742C68F41200E43E2E /* Tree */,
				577ECC732C68F3FF00E43E2E /* Graph */,
			);
			path = DS;
			sourceTree = "<group>";
		};
		577ECC732C68F3FF00E43E2E /* Graph */ = {
			isa = PBXGroup;
			children = (
				577ECC352C68D94400E43E2E /* Graph.swift */,
				577ECC4B2C68D94500E43E2E /* AdjacencyListGraph.swift */,
				577ECC492C68D94500E43E2E /* AdjacencyMatrixGraph.swift */,
			);
			path = Graph;
			sourceTree = "<group>";
		};
		577ECC742C68F41200E43E2E /* Tree */ = {
			isa = PBXGroup;
			children = (
				577ECC332C68D94400E43E2E /* Tree.swift */,
			);
			path = Tree;
			sourceTree = "<group>";
		};
		577ECC762C68F46B00E43E2E /* Solutions */ = {
			isa = PBXGroup;
			children = (
				577ECC362C68D94400E43E2E /* Solution.swift */,
				577ECC342C68D94400E43E2E /* MaxSubArray.swift */,
				577ECC7B2C6A51F300E43E2E /* MaxSubArray2nd.swift */,
				577ECC7D2C6A74F300E43E2E /* SmallestSubarray.swift */,
				577ECC4C2C68D94500E43E2E /* MergeSortedLists.swift */,
				577ECC472C68D94400E43E2E /* ReverseLinkedList.swift */,
				577ECC7F2C6BA99100E43E2E /* InvertBinaryTree.swift */,
				577ECC452C68D94400E43E2E /* TwoSum.swift */,
				577ECC3E2C68D94400E43E2E /* ValidParentheses.swift */,
				577ECC382C68D94400E43E2E /* LongestSubstring.swift */,
				577ECC3C2C68D94400E43E2E /* Fibonacci.swift */,
				A00754D02D3217DA0052C9AD /* StockBuySell.swift */,
				A00754D22D325AA20052C9AD /* Palindrome.swift */,
				A00754D42D3269B60052C9AD /* Anagram.swift */,
				A00754D62D32B5600052C9AD /* BinarySearchSolution.swift */,
				577ECC4A2C68D94500E43E2E /* AmazonInterviewQ1.swift */,
				577ECC402C68D94400E43E2E /* AmazonInterviewQ2.swift */,
				57E0B8612C6CC241005C3584 /* IBMInterviewQ2.swift */,
			);
			path = Solutions;
			sourceTree = "<group>";
		};
		577ECC772C68F47F00E43E2E /* Sort */ = {
			isa = PBXGroup;
			children = (
				577ECC4F2C68D94500E43E2E /* Sort.swift */,
				577ECC432C68D94400E43E2E /* MergeSort.swift */,
				577ECC4D2C68D94500E43E2E /* QuickSort.swift */,
				577ECC482C68D94400E43E2E /* BubbleSort.swift */,
				A00754C02D2FBC980052C9AD /* HeapSort.swift */,
			);
			path = Sort;
			sourceTree = "<group>";
		};
		577ECC782C68F48C00E43E2E /* Search */ = {
			isa = PBXGroup;
			children = (
				577ECC462C68D94400E43E2E /* Search.swift */,
				577ECC3D2C68D94400E43E2E /* BinarySearch.swift */,
			);
			path = Search;
			sourceTree = "<group>";
		};
		577ECC792C68F50B00E43E2E /* Heap */ = {
			isa = PBXGroup;
			children = (
				577ECC3B2C68D94400E43E2E /* Heap.swift */,
				577ECC4E2C68D94500E43E2E /* MinHeap.swift */,
				A0ACDE702D2BEFB500D5E648 /* MaxHeap.swift */,
			);
			path = Heap;
			sourceTree = "<group>";
		};
/* End PBXGroup section */

/* Begin PBXHeadersBuildPhase section */
		577ECC162C68D8E200E43E2E /* Headers */ = {
			isa = PBXHeadersBuildPhase;
			buildActionMask = 2147483647;
			files = (
				577ECC2B2C68D8E200E43E2E /* DSA.h in Headers */,
			);
			runOnlyForDeploymentPostprocessing = 0;
		};
/* End PBXHeadersBuildPhase section */

/* Begin PBXNativeTarget section */
		577ECC1A2C68D8E200E43E2E /* DSA */ = {
			isa = PBXNativeTarget;
			buildConfigurationList = 577ECC2C2C68D8E200E43E2E /* Build configuration list for PBXNativeTarget "DSA" */;
			buildPhases = (
				577ECC162C68D8E200E43E2E /* Headers */,
				577ECC172C68D8E200E43E2E /* Sources */,
				577ECC182C68D8E200E43E2E /* Frameworks */,
				577ECC192C68D8E200E43E2E /* Resources */,
			);
			buildRules = (
			);
			dependencies = (
			);
			name = DSA;
			productName = DSA;
			productReference = 577ECC1B2C68D8E200E43E2E /* DSA.framework */;
			productType = "com.apple.product-type.framework";
		};
		577ECC232C68D8E200E43E2E /* DSATests */ = {
			isa = PBXNativeTarget;
			buildConfigurationList = 577ECC2F2C68D8E200E43E2E /* Build configuration list for PBXNativeTarget "DSATests" */;
			buildPhases = (
				577ECC202C68D8E200E43E2E /* Sources */,
				577ECC212C68D8E200E43E2E /* Frameworks */,
				577ECC222C68D8E200E43E2E /* Resources */,
			);
			buildRules = (
			);
			dependencies = (
				577ECC272C68D8E200E43E2E /* PBXTargetDependency */,
			);
			name = DSATests;
			productName = DSATests;
			productReference = 577ECC242C68D8E200E43E2E /* DSATests.xctest */;
			productType = "com.apple.product-type.bundle.unit-test";
		};
		A00754C62D2FC1F70052C9AD /* Bench */ = {
			isa = PBXNativeTarget;
			buildConfigurationList = A00754CD2D2FC1F70052C9AD /* Build configuration list for PBXNativeTarget "Bench" */;
			buildPhases = (
				A00754C32D2FC1F70052C9AD /* Sources */,
				A00754C42D2FC1F70052C9AD /* Frameworks */,
				A00754C52D2FC1F70052C9AD /* CopyFiles */,
			);
			buildRules = (
			);
			dependencies = (
			);
			fileSystemSynchronizedGroups = (
				A00754C82D2FC1F70052C9AD /* Bench */,
			);
			name = Bench;
			packageProductDependencies = (
			);
			productName = asas;
			productReference = A00754C72D2FC1F70052C9AD /* Bench */;
			productType = "com.apple.product-type.tool";
		};
/* End PBXNativeTarget section */

/* Begin PBXProject section */
		577921E22C55073B005C5333 /* Project object */ = {
			isa = PBXProject;
			attributes = {
				BuildIndependentTargetsInParallel = 1;
				LastSwiftUpdateCheck = 1600;
				LastUpgradeCheck = 1540;
				TargetAttributes = {
					577ECC1A2C68D8E200E43E2E = {
						CreatedOnToolsVersion = 15.4;
					};
					577ECC232C68D8E200E43E2E = {
						CreatedOnToolsVersion = 15.4;
					};
					A00754C62D2FC1F70052C9AD = {
						CreatedOnToolsVersion = 16.0;
					};
				};
			};
			buildConfigurationList = 577921E52C55073B005C5333 /* Build configuration list for PBXProject "DSA" */;
			compatibilityVersion = "Xcode 14.0";
			developmentRegion = en;
			hasScannedForEncodings = 0;
			knownRegions = (
				en,
				Base,
			);
			mainGroup = 577921E12C55073B005C5333;
			productRefGroup = 577921EB2C55073B005C5333 /* Products */;
			projectDirPath = "";
			projectRoot = "";
			targets = (
				577ECC1A2C68D8E200E43E2E /* DSA */,
				577ECC232C68D8E200E43E2E /* DSATests */,
				A00754C62D2FC1F70052C9AD /* Bench */,
			);
		};
/* End PBXProject section */

/* Begin PBXResourcesBuildPhase section */
		577ECC192C68D8E200E43E2E /* Resources */ = {
			isa = PBXResourcesBuildPhase;
			buildActionMask = 2147483647;
			files = (
			);
			runOnlyForDeploymentPostprocessing = 0;
		};
		577ECC222C68D8E200E43E2E /* Resources */ = {
			isa = PBXResourcesBuildPhase;
			buildActionMask = 2147483647;
			files = (
			);
			runOnlyForDeploymentPostprocessing = 0;
		};
/* End PBXResourcesBuildPhase section */

/* Begin PBXSourcesBuildPhase section */
		577ECC172C68D8E200E43E2E /* Sources */ = {
			isa = PBXSourcesBuildPhase;
			buildActionMask = 2147483647;
			files = (
				577ECC542C68D94500E43E2E /* LinkedList.swift in Sources */,
				577ECC582C68D94500E43E2E /* Heap.swift in Sources */,
				577ECC5D2C68D94500E43E2E /* AmazonInterviewQ2.swift in Sources */,
				577ECC532C68D94500E43E2E /* Solution.swift in Sources */,
				577ECC522C68D94500E43E2E /* Graph.swift in Sources */,
				577ECC7E2C6A74F300E43E2E /* SmallestSubarray.swift in Sources */,
				577ECC6B2C68D94500E43E2E /* MinHeap.swift in Sources */,
				577ECC632C68D94500E43E2E /* Search.swift in Sources */,
				A00754D72D32B5600052C9AD /* BinarySearchSolution.swift in Sources */,
				577ECC642C68D94500E43E2E /* ReverseLinkedList.swift in Sources */,
				577ECC602C68D94500E43E2E /* MergeSort.swift in Sources */,
				577ECC552C68D94500E43E2E /* LongestSubstring.swift in Sources */,
				A00754D12D3217DA0052C9AD /* StockBuySell.swift in Sources */,
				577ECC7C2C6A51F300E43E2E /* MaxSubArray2nd.swift in Sources */,
				577ECC512C68D94500E43E2E /* MaxSubArray.swift in Sources */,
				577ECC1F2C68D8E200E43E2E /* DSA.docc in Sources */,
				577ECC802C6BA99100E43E2E /* InvertBinaryTree.swift in Sources */,
				577ECC622C68D94500E43E2E /* TwoSum.swift in Sources */,
				577ECC662C68D94500E43E2E /* AdjacencyMatrixGraph.swift in Sources */,
				A00754D52D3269B60052C9AD /* Anagram.swift in Sources */,
				577ECC592C68D94500E43E2E /* Fibonacci.swift in Sources */,
				577ECC672C68D94500E43E2E /* AmazonInterviewQ1.swift in Sources */,
				A00754C12D2FBC980052C9AD /* HeapSort.swift in Sources */,
				577ECC5A2C68D94500E43E2E /* BinarySearch.swift in Sources */,
				A00754D32D325AA20052C9AD /* Palindrome.swift in Sources */,
				577ECC682C68D94500E43E2E /* AdjacencyListGraph.swift in Sources */,
				577ECC5B2C68D94500E43E2E /* ValidParentheses.swift in Sources */,
				577ECC6C2C68D94500E43E2E /* Sort.swift in Sources */,
				57E0B8622C6CC241005C3584 /* IBMInterviewQ2.swift in Sources */,
				577ECC692C68D94500E43E2E /* MergeSortedLists.swift in Sources */,
				577ECC6A2C68D94500E43E2E /* QuickSort.swift in Sources */,
				A0ACDE712D2BEFB500D5E648 /* MaxHeap.swift in Sources */,
				577ECC502C68D94500E43E2E /* Tree.swift in Sources */,
				577ECC652C68D94500E43E2E /* BubbleSort.swift in Sources */,
			);
			runOnlyForDeploymentPostprocessing = 0;
		};
		577ECC202C68D8E200E43E2E /* Sources */ = {
			isa = PBXSourcesBuildPhase;
			buildActionMask = 2147483647;
			files = (
				577ECC712C68D95A00E43E2E /* TreeTests.swift in Sources */,
				577ECC6E2C68D95A00E43E2E /* SearchAlgorithmTests.swift in Sources */,
				577ECC6D2C68D95A00E43E2E /* SortAlgorithmTests.swift in Sources */,
				577ECC6F2C68D95A00E43E2E /* HeapTests.swift in Sources */,
				577ECC702C68D95A00E43E2E /* SolutionTests.swift in Sources */,
			);
			runOnlyForDeploymentPostprocessing = 0;
		};
		A00754C32D2FC1F70052C9AD /* Sources */ = {
			isa = PBXSourcesBuildPhase;
			buildActionMask = 2147483647;
			files = (
			);
			runOnlyForDeploymentPostprocessing = 0;
		};
/* End PBXSourcesBuildPhase section */

/* Begin PBXTargetDependency section */
		577ECC272C68D8E200E43E2E /* PBXTargetDependency */ = {
			isa = PBXTargetDependency;
			target = 577ECC1A2C68D8E200E43E2E /* DSA */;
			targetProxy = 577ECC262C68D8E200E43E2E /* PBXContainerItemProxy */;
		};
/* End PBXTargetDependency section */

/* Begin XCBuildConfiguration section */
		577921EF2C55073B005C5333 /* Debug */ = {
			isa = XCBuildConfiguration;
			buildSettings = {
				ALWAYS_SEARCH_USER_PATHS = NO;
				ASSETCATALOG_COMPILER_GENERATE_SWIFT_ASSET_SYMBOL_EXTENSIONS = YES;
				CLANG_ANALYZER_NONNULL = YES;
				CLANG_ANALYZER_NUMBER_OBJECT_CONVERSION = YES_AGGRESSIVE;
				CLANG_CXX_LANGUAGE_STANDARD = "gnu++20";
				CLANG_ENABLE_MODULES = YES;
				CLANG_ENABLE_OBJC_ARC = YES;
				CLANG_ENABLE_OBJC_WEAK = YES;
				CLANG_WARN_BLOCK_CAPTURE_AUTORELEASING = YES;
				CLANG_WARN_BOOL_CONVERSION = YES;
				CLANG_WARN_COMMA = YES;
				CLANG_WARN_CONSTANT_CONVERSION = YES;
				CLANG_WARN_DEPRECATED_OBJC_IMPLEMENTATIONS = YES;
				CLANG_WARN_DIRECT_OBJC_ISA_USAGE = YES_ERROR;
				CLANG_WARN_DOCUMENTATION_COMMENTS = YES;
				CLANG_WARN_EMPTY_BODY = YES;
				CLANG_WARN_ENUM_CONVERSION = YES;
				CLANG_WARN_INFINITE_RECURSION = YES;
				CLANG_WARN_INT_CONVERSION = YES;
				CLANG_WARN_NON_LITERAL_NULL_CONVERSION = YES;
				CLANG_WARN_OBJC_IMPLICIT_RETAIN_SELF = YES;
				CLANG_WARN_OBJC_LITERAL_CONVERSION = YES;
				CLANG_WARN_OBJC_ROOT_CLASS = YES_ERROR;
				CLANG_WARN_QUOTED_INCLUDE_IN_FRAMEWORK_HEADER = YES;
				CLANG_WARN_RANGE_LOOP_ANALYSIS = YES;
				CLANG_WARN_STRICT_PROTOTYPES = YES;
				CLANG_WARN_SUSPICIOUS_MOVE = YES;
				CLANG_WARN_UNGUARDED_AVAILABILITY = YES_AGGRESSIVE;
				CLANG_WARN_UNREACHABLE_CODE = YES;
				CLANG_WARN__DUPLICATE_METHOD_MATCH = YES;
				COPY_PHASE_STRIP = NO;
				DEBUG_INFORMATION_FORMAT = dwarf;
				ENABLE_STRICT_OBJC_MSGSEND = YES;
				ENABLE_TESTABILITY = YES;
				ENABLE_USER_SCRIPT_SANDBOXING = YES;
				GCC_C_LANGUAGE_STANDARD = gnu17;
				GCC_DYNAMIC_NO_PIC = NO;
				GCC_NO_COMMON_BLOCKS = YES;
				GCC_OPTIMIZATION_LEVEL = 0;
				GCC_PREPROCESSOR_DEFINITIONS = (
					"DEBUG=1",
					"$(inherited)",
				);
				GCC_WARN_64_TO_32_BIT_CONVERSION = YES;
				GCC_WARN_ABOUT_RETURN_TYPE = YES_ERROR;
				GCC_WARN_UNDECLARED_SELECTOR = YES;
				GCC_WARN_UNINITIALIZED_AUTOS = YES_AGGRESSIVE;
				GCC_WARN_UNUSED_FUNCTION = YES;
				GCC_WARN_UNUSED_VARIABLE = YES;
				LOCALIZATION_PREFERS_STRING_CATALOGS = YES;
				MACOSX_DEPLOYMENT_TARGET = 14.4;
				MTL_ENABLE_DEBUG_INFO = INCLUDE_SOURCE;
				MTL_FAST_MATH = YES;
				ONLY_ACTIVE_ARCH = YES;
				SDKROOT = macosx;
				SWIFT_ACTIVE_COMPILATION_CONDITIONS = "DEBUG $(inherited)";
				SWIFT_OPTIMIZATION_LEVEL = "-Onone";
			};
			name = Debug;
		};
		577921F02C55073B005C5333 /* Release */ = {
			isa = XCBuildConfiguration;
			buildSettings = {
				ALWAYS_SEARCH_USER_PATHS = NO;
				ASSETCATALOG_COMPILER_GENERATE_SWIFT_ASSET_SYMBOL_EXTENSIONS = YES;
				CLANG_ANALYZER_NONNULL = YES;
				CLANG_ANALYZER_NUMBER_OBJECT_CONVERSION = YES_AGGRESSIVE;
				CLANG_CXX_LANGUAGE_STANDARD = "gnu++20";
				CLANG_ENABLE_MODULES = YES;
				CLANG_ENABLE_OBJC_ARC = YES;
				CLANG_ENABLE_OBJC_WEAK = YES;
				CLANG_WARN_BLOCK_CAPTURE_AUTORELEASING = YES;
				CLANG_WARN_BOOL_CONVERSION = YES;
				CLANG_WARN_COMMA = YES;
				CLANG_WARN_CONSTANT_CONVERSION = YES;
				CLANG_WARN_DEPRECATED_OBJC_IMPLEMENTATIONS = YES;
				CLANG_WARN_DIRECT_OBJC_ISA_USAGE = YES_ERROR;
				CLANG_WARN_DOCUMENTATION_COMMENTS = YES;
				CLANG_WARN_EMPTY_BODY = YES;
				CLANG_WARN_ENUM_CONVERSION = YES;
				CLANG_WARN_INFINITE_RECURSION = YES;
				CLANG_WARN_INT_CONVERSION = YES;
				CLANG_WARN_NON_LITERAL_NULL_CONVERSION = YES;
				CLANG_WARN_OBJC_IMPLICIT_RETAIN_SELF = YES;
				CLANG_WARN_OBJC_LITERAL_CONVERSION = YES;
				CLANG_WARN_OBJC_ROOT_CLASS = YES_ERROR;
				CLANG_WARN_QUOTED_INCLUDE_IN_FRAMEWORK_HEADER = YES;
				CLANG_WARN_RANGE_LOOP_ANALYSIS = YES;
				CLANG_WARN_STRICT_PROTOTYPES = YES;
				CLANG_WARN_SUSPICIOUS_MOVE = YES;
				CLANG_WARN_UNGUARDED_AVAILABILITY = YES_AGGRESSIVE;
				CLANG_WARN_UNREACHABLE_CODE = YES;
				CLANG_WARN__DUPLICATE_METHOD_MATCH = YES;
				COPY_PHASE_STRIP = NO;
				DEBUG_INFORMATION_FORMAT = "dwarf-with-dsym";
				ENABLE_NS_ASSERTIONS = NO;
				ENABLE_STRICT_OBJC_MSGSEND = YES;
				ENABLE_USER_SCRIPT_SANDBOXING = YES;
				GCC_C_LANGUAGE_STANDARD = gnu17;
				GCC_NO_COMMON_BLOCKS = YES;
				GCC_WARN_64_TO_32_BIT_CONVERSION = YES;
				GCC_WARN_ABOUT_RETURN_TYPE = YES_ERROR;
				GCC_WARN_UNDECLARED_SELECTOR = YES;
				GCC_WARN_UNINITIALIZED_AUTOS = YES_AGGRESSIVE;
				GCC_WARN_UNUSED_FUNCTION = YES;
				GCC_WARN_UNUSED_VARIABLE = YES;
				LOCALIZATION_PREFERS_STRING_CATALOGS = YES;
				MACOSX_DEPLOYMENT_TARGET = 14.4;
				MTL_ENABLE_DEBUG_INFO = NO;
				MTL_FAST_MATH = YES;
				SDKROOT = macosx;
				SWIFT_COMPILATION_MODE = wholemodule;
			};
			name = Release;
		};
		577ECC2D2C68D8E200E43E2E /* Debug */ = {
			isa = XCBuildConfiguration;
			buildSettings = {
				ALLOW_TARGET_PLATFORM_SPECIALIZATION = YES;
				BUILD_LIBRARY_FOR_DISTRIBUTION = YES;
				CODE_SIGN_STYLE = Automatic;
				CURRENT_PROJECT_VERSION = 1;
				DEFINES_MODULE = YES;
				DEVELOPMENT_TEAM = 2KM52TUWUW;
				DYLIB_COMPATIBILITY_VERSION = 1;
				DYLIB_CURRENT_VERSION = 1;
				DYLIB_INSTALL_NAME_BASE = "@rpath";
				ENABLE_MODULE_VERIFIER = YES;
				GENERATE_INFOPLIST_FILE = YES;
				INFOPLIST_KEY_NSHumanReadableCopyright = "";
				INSTALL_PATH = "$(LOCAL_LIBRARY_DIR)/Frameworks";
				IPHONEOS_DEPLOYMENT_TARGET = 17.5;
				LD_RUNPATH_SEARCH_PATHS = (
					"@executable_path/Frameworks",
					"@loader_path/Frameworks",
				);
				"LD_RUNPATH_SEARCH_PATHS[sdk=macosx*]" = (
					"@executable_path/../Frameworks",
					"@loader_path/Frameworks",
				);
				MACOSX_DEPLOYMENT_TARGET = 14.4;
				MARKETING_VERSION = 1.0;
				MODULE_VERIFIER_SUPPORTED_LANGUAGES = "objective-c objective-c++";
				MODULE_VERIFIER_SUPPORTED_LANGUAGE_STANDARDS = "gnu17 gnu++20";
				PRODUCT_BUNDLE_IDENTIFIER = com.vjc.DSA;
				PRODUCT_NAME = "$(TARGET_NAME:c99extidentifier)";
				SDKROOT = auto;
				SKIP_INSTALL = YES;
				SUPPORTED_PLATFORMS = "iphoneos iphonesimulator macosx";
				SWIFT_EMIT_LOC_STRINGS = YES;
				SWIFT_INSTALL_OBJC_HEADER = NO;
				SWIFT_VERSION = 5.0;
				TARGETED_DEVICE_FAMILY = "1,2";
				VERSIONING_SYSTEM = "apple-generic";
				VERSION_INFO_PREFIX = "";
			};
			name = Debug;
		};
		577ECC2E2C68D8E200E43E2E /* Release */ = {
			isa = XCBuildConfiguration;
			buildSettings = {
				ALLOW_TARGET_PLATFORM_SPECIALIZATION = YES;
				BUILD_LIBRARY_FOR_DISTRIBUTION = YES;
				CODE_SIGN_STYLE = Automatic;
				CURRENT_PROJECT_VERSION = 1;
				DEFINES_MODULE = YES;
				DEVELOPMENT_TEAM = 2KM52TUWUW;
				DYLIB_COMPATIBILITY_VERSION = 1;
				DYLIB_CURRENT_VERSION = 1;
				DYLIB_INSTALL_NAME_BASE = "@rpath";
				ENABLE_MODULE_VERIFIER = YES;
				GENERATE_INFOPLIST_FILE = YES;
				INFOPLIST_KEY_NSHumanReadableCopyright = "";
				INSTALL_PATH = "$(LOCAL_LIBRARY_DIR)/Frameworks";
				IPHONEOS_DEPLOYMENT_TARGET = 17.5;
				LD_RUNPATH_SEARCH_PATHS = (
					"@executable_path/Frameworks",
					"@loader_path/Frameworks",
				);
				"LD_RUNPATH_SEARCH_PATHS[sdk=macosx*]" = (
					"@executable_path/../Frameworks",
					"@loader_path/Frameworks",
				);
				MACOSX_DEPLOYMENT_TARGET = 14.4;
				MARKETING_VERSION = 1.0;
				MODULE_VERIFIER_SUPPORTED_LANGUAGES = "objective-c objective-c++";
				MODULE_VERIFIER_SUPPORTED_LANGUAGE_STANDARDS = "gnu17 gnu++20";
				PRODUCT_BUNDLE_IDENTIFIER = com.vjc.DSA;
				PRODUCT_NAME = "$(TARGET_NAME:c99extidentifier)";
				SDKROOT = auto;
				SKIP_INSTALL = YES;
				SUPPORTED_PLATFORMS = "iphoneos iphonesimulator macosx";
				SWIFT_EMIT_LOC_STRINGS = YES;
				SWIFT_INSTALL_OBJC_HEADER = NO;
				SWIFT_VERSION = 5.0;
				TARGETED_DEVICE_FAMILY = "1,2";
				VERSIONING_SYSTEM = "apple-generic";
				VERSION_INFO_PREFIX = "";
			};
			name = Release;
		};
		577ECC302C68D8E200E43E2E /* Debug */ = {
			isa = XCBuildConfiguration;
			buildSettings = {
				ALLOW_TARGET_PLATFORM_SPECIALIZATION = YES;
				ALWAYS_EMBED_SWIFT_STANDARD_LIBRARIES = YES;
				CODE_SIGN_STYLE = Automatic;
				CURRENT_PROJECT_VERSION = 1;
				DEVELOPMENT_TEAM = 2KM52TUWUW;
				GENERATE_INFOPLIST_FILE = YES;
				IPHONEOS_DEPLOYMENT_TARGET = 17.5;
				MACOSX_DEPLOYMENT_TARGET = 14.4;
				MARKETING_VERSION = 1.0;
				PRODUCT_BUNDLE_IDENTIFIER = com.vjc.DSATests;
				PRODUCT_NAME = "$(TARGET_NAME)";
				SDKROOT = auto;
				SUPPORTED_PLATFORMS = "iphoneos iphonesimulator macosx";
				SWIFT_EMIT_LOC_STRINGS = NO;
				SWIFT_VERSION = 5.0;
				TARGETED_DEVICE_FAMILY = "1,2";
			};
			name = Debug;
		};
		577ECC312C68D8E200E43E2E /* Release */ = {
			isa = XCBuildConfiguration;
			buildSettings = {
				ALLOW_TARGET_PLATFORM_SPECIALIZATION = YES;
				ALWAYS_EMBED_SWIFT_STANDARD_LIBRARIES = YES;
				CODE_SIGN_STYLE = Automatic;
				CURRENT_PROJECT_VERSION = 1;
				DEVELOPMENT_TEAM = 2KM52TUWUW;
				GENERATE_INFOPLIST_FILE = YES;
				IPHONEOS_DEPLOYMENT_TARGET = 17.5;
				MACOSX_DEPLOYMENT_TARGET = 14.4;
				MARKETING_VERSION = 1.0;
				PRODUCT_BUNDLE_IDENTIFIER = com.vjc.DSATests;
				PRODUCT_NAME = "$(TARGET_NAME)";
				SDKROOT = auto;
				SUPPORTED_PLATFORMS = "iphoneos iphonesimulator macosx";
				SWIFT_EMIT_LOC_STRINGS = NO;
				SWIFT_VERSION = 5.0;
				TARGETED_DEVICE_FAMILY = "1,2";
			};
			name = Release;
		};
		A00754CB2D2FC1F70052C9AD /* Debug */ = {
			isa = XCBuildConfiguration;
			buildSettings = {
				CODE_SIGN_STYLE = Automatic;
				DEVELOPMENT_TEAM = 2KM52TUWUW;
				ENABLE_HARDENED_RUNTIME = YES;
				MACOSX_DEPLOYMENT_TARGET = 15.0;
				PRODUCT_NAME = "$(TARGET_NAME)";
				SWIFT_VERSION = 5.0;
			};
			name = Debug;
		};
		A00754CC2D2FC1F70052C9AD /* Release */ = {
			isa = XCBuildConfiguration;
			buildSettings = {
				CODE_SIGN_STYLE = Automatic;
				DEVELOPMENT_TEAM = 2KM52TUWUW;
				ENABLE_HARDENED_RUNTIME = YES;
				MACOSX_DEPLOYMENT_TARGET = 15.0;
				PRODUCT_NAME = "$(TARGET_NAME)";
				SWIFT_VERSION = 5.0;
			};
			name = Release;
		};
/* End XCBuildConfiguration section */

/* Begin XCConfigurationList section */
		577921E52C55073B005C5333 /* Build configuration list for PBXProject "DSA" */ = {
			isa = XCConfigurationList;
			buildConfigurations = (
				577921EF2C55073B005C5333 /* Debug */,
				577921F02C55073B005C5333 /* Release */,
			);
			defaultConfigurationIsVisible = 0;
			defaultConfigurationName = Release;
		};
		577ECC2C2C68D8E200E43E2E /* Build configuration list for PBXNativeTarget "DSA" */ = {
			isa = XCConfigurationList;
			buildConfigurations = (
				577ECC2D2C68D8E200E43E2E /* Debug */,
				577ECC2E2C68D8E200E43E2E /* Release */,
			);
			defaultConfigurationIsVisible = 0;
			defaultConfigurationName = Release;
		};
		577ECC2F2C68D8E200E43E2E /* Build configuration list for PBXNativeTarget "DSATests" */ = {
			isa = XCConfigurationList;
			buildConfigurations = (
				577ECC302C68D8E200E43E2E /* Debug */,
				577ECC312C68D8E200E43E2E /* Release */,
			);
			defaultConfigurationIsVisible = 0;
			defaultConfigurationName = Release;
		};
		A00754CD2D2FC1F70052C9AD /* Build configuration list for PBXNativeTarget "Bench" */ = {
			isa = XCConfigurationList;
			buildConfigurations = (
				A00754CB2D2FC1F70052C9AD /* Debug */,
				A00754CC2D2FC1F70052C9AD /* Release */,
			);
			defaultConfigurationIsVisible = 0;
			defaultConfigurationName = Release;
		};
/* End XCConfigurationList section */
	};
	rootObject = 577921E22C55073B005C5333 /* Project object */;
}
